
Microsoft Visual Studio Solution File, Format Version 12.00
# Visual Studio 15
VisualStudioVersion = 15.0.26403.7
MinimumVisualStudioVersion = 10.0.40219.1
Project("{FAE04EC0-301F-11D3-BF4B-00C04F79EFBC}") = "BugManager", "BugManager\BugManager.csproj", "{32710D1F-E6E8-445D-8473-D947E30B932D}"
EndProject
Project("{FAE04EC0-301F-11D3-BF4B-00C04F79EFBC}") = "Core", "Core\Core.csproj", "{07A82ADB-68CB-4117-A225-2AB58E1DFEBB}"
EndProject
Project("{FAE04EC0-301F-11D3-BF4B-00C04F79EFBC}") = "Data", "Data\Data.csproj", "{7D74D191-468A-4319-BD0F-6F0C38CD1FAC}"
EndProject
Project("{FAE04EC0-301F-11D3-BF4B-00C04F79EFBC}") = "FlexcelReport", "FlexcelReport\FlexcelReport.csproj", "{F4F9A1BD-569E-487A-A977-331EF924AB5D}"
EndProject
Global
	GlobalSection(SolutionConfigurationPlatforms) = preSolution
		Debug|Any CPU = Debug|Any CPU
		Release|Any CPU = Release|Any CPU
	EndGlobalSection
	GlobalSection(ProjectConfigurationPlatforms) = postSolution
		{32710D1F-E6E8-445D-8473-D947E30B932D}.Debug|Any CPU.ActiveCfg = Debug|Any CPU
		{32710D1F-E6E8-445D-8473-D947E30B932D}.Debug|Any CPU.Build.0 = Debug|Any CPU
		{32710D1F-E6E8-445D-8473-D947E30B932D}.Release|Any CPU.ActiveCfg = Release|Any CPU
		{32710D1F-E6E8-445D-8473-D947E30B932D}.Release|Any CPU.Build.0 = Release|Any CPU
		{07A82ADB-68CB-4117-A225-2AB58E1DFEBB}.Debug|Any CPU.ActiveCfg = Debug|Any CPU
		{07A82ADB-68CB-4117-A225-2AB58E1DFEBB}.Debug|Any CPU.Build.0 = Debug|Any CPU
		{07A82ADB-68CB-4117-A225-2AB58E1DFEBB}.Release|Any CPU.ActiveCfg = Release|Any CPU
		{07A82ADB-68CB-4117-A225-2AB58E1DFEBB}.Release|Any CPU.Build.0 = Release|Any CPU
		{7D74D191-468A-4319-BD0F-6F0C38CD1FAC}.Debug|Any CPU.ActiveCfg = Debug|Any CPU
		{7D74D191-468A-4319-BD0F-6F0C38CD1FAC}.Debug|Any CPU.Build.0 = Debug|Any CPU
		{7D74D191-468A-4319-BD0F-6F0C38CD1FAC}.Release|Any CPU.ActiveCfg = Release|Any CPU
		{7D74D191-468A-4319-BD0F-6F0C38CD1FAC}.Release|Any CPU.Build.0 = Release|Any CPU
		{F4F9A1BD-569E-487A-A977-331EF924AB5D}.Debug|Any CPU.ActiveCfg = Debug|Any CPU
		{F4F9A1BD-569E-487A-A977-331EF924AB5D}.Debug|Any CPU.Build.0 = Debug|Any CPU
		{F4F9A1BD-569E-487A-A977-331EF924AB5D}.Release|Any CPU.ActiveCfg = Release|Any CPU
		{F4F9A1BD-569E-487A-A977-331EF924AB5D}.Release|Any CPU.Build.0 = Release|Any CPU
	EndGlobalSection
	GlobalSection(SolutionProperties) = preSolution
		HideSolutionNode = FALSE
	EndGlobalSection
EndGlobal
